
Microsoft Visual Studio Solution File, Format Version 12.00
# Visual Studio 14
VisualStudioVersion = 14.0.25123.0
MinimumVisualStudioVersion = 10.0.40219.1
Project("{FAE04EC0-301F-11D3-BF4B-00C04F79EFBC}") = "ExFunk", "..\..\..\..\Desktop\ExFunk\ExFunk\ExFunk.csproj", "{C784555B-FE2D-4C02-8EF7-252B31C8C400}"
EndProject
Project("{FAE04EC0-301F-11D3-BF4B-00C04F79EFBC}") = "ExFunk.Test", "..\..\..\..\Desktop\ExFunk\ExFunk.Test\ExFunk.Test.csproj", "{65AC8F4F-38FB-4B96-BDC4-7FFF9BA3FB4B}"
EndProject
Project("{FAE04EC0-301F-11D3-BF4B-00C04F79EFBC}") = "ExFuncConsoleApplicationTest", "..\..\..\..\Desktop\ExFunk\ExFuncConsoleApplicationTest\ExFuncConsoleApplicationTest.csproj", "{0C5705BC-E1C6-4CF5-90F2-AD0B748FCDE8}"
EndProject
Global
	GlobalSection(SolutionConfigurationPlatforms) = preSolution
		Debug|Any CPU = Debug|Any CPU
		Release|Any CPU = Release|Any CPU
	EndGlobalSection
	GlobalSection(ProjectConfigurationPlatforms) = postSolution
		{C784555B-FE2D-4C02-8EF7-252B31C8C400}.Debug|Any CPU.ActiveCfg = Debug|Any CPU
		{C784555B-FE2D-4C02-8EF7-252B31C8C400}.Debug|Any CPU.Build.0 = Debug|Any CPU
		{C784555B-FE2D-4C02-8EF7-252B31C8C400}.Release|Any CPU.ActiveCfg = Release|Any CPU
		{C784555B-FE2D-4C02-8EF7-252B31C8C400}.Release|Any CPU.Build.0 = Release|Any CPU
		{65AC8F4F-38FB-4B96-BDC4-7FFF9BA3FB4B}.Debug|Any CPU.ActiveCfg = Debug|Any CPU
		{65AC8F4F-38FB-4B96-BDC4-7FFF9BA3FB4B}.Debug|Any CPU.Build.0 = Debug|Any CPU
		{65AC8F4F-38FB-4B96-BDC4-7FFF9BA3FB4B}.Release|Any CPU.ActiveCfg = Release|Any CPU
		{65AC8F4F-38FB-4B96-BDC4-7FFF9BA3FB4B}.Release|Any CPU.Build.0 = Release|Any CPU
		{0C5705BC-E1C6-4CF5-90F2-AD0B748FCDE8}.Debug|Any CPU.ActiveCfg = Debug|Any CPU
		{0C5705BC-E1C6-4CF5-90F2-AD0B748FCDE8}.Debug|Any CPU.Build.0 = Debug|Any CPU
		{0C5705BC-E1C6-4CF5-90F2-AD0B748FCDE8}.Release|Any CPU.ActiveCfg = Release|Any CPU
		{0C5705BC-E1C6-4CF5-90F2-AD0B748FCDE8}.Release|Any CPU.Build.0 = Release|Any CPU
	EndGlobalSection
	GlobalSection(SolutionProperties) = preSolution
		HideSolutionNode = FALSE
	EndGlobalSection
EndGlobal
